
{
  "name": "your-telegram-bot",
  "version": "1.0.0",
  "lockfileVersion": 1,
  "requires": true,
  "dependencies": {
    "balanced-match": {
      "version": "1.0.0",
      "resolved": "https://registry.npmjs.org/balanced-match/-/balanced-match-1.0.0.tgz",
      "integrity": "sha1-ibTR5kYU+YQ03hqfgqE1l8Ew3Z0="
    },
    "camelcase": {
      "version": "6.2.0",
      "resolved": "https://registry.npmjs.org/camelcase/-/camelcase-6.2.0.tgz",
      "integrity": "sha512-4hM8AXDRFgYFR3K1SfFMLQStJiwtWM7wGDNkjaUUPuX0ZzHmPrH7Qt57hD+ZnC3E4fY9Icy6dStx3K+pMq8B9g=="
    },
    "chalk": {
      "version": "4.1.1",
      "resolved": "https://registry.npmjs.org/chalk/-/chalk-4.1.1.tgz",
      "integrity": "sha512-xHfL3Naad6PxQcFqV2tlYeINgbhzRCV7cDKra0fnM4JZx6pYRZ2POoYoC6UfKguI7qdbhLMiF6Qk0QqnAy4Yeg==",
      "dev": true,
      "dependencies": {
        "ansi-styles": {
          "version": "4.3.0",
          "resolved": "https://registry.npmjs.org/ansi-styles/-/ansi-styles-4.3.0.tgz",
          "integrity": "sha512-zb4rywF3MXdo6MXGQ5p8dV0aM7HkOJ1eF1Rz1NNwJ3lXkJkND6ZAbRMKYFc9bAvgcNSRWkNZRvN3aeziNPS9ifg=="
        },
        "supports-color": {
          "version": "7.2.0",
          "resolved": "https://registry.npmjs.org/supports-color/-/supports-color-7.2.0.tgz",
          "integrity": "sha512-qpCAvRl9stuOHveKsn7Hj587NMCUc5E97W8bQ9itshV+eW1KJMBWapA9j0xRVRjNvVh6T24fB0m9fV7hT2d9Rw=="
        }
      }
    },
    "fluent-ffmpeg": {
      "version": "2.1.2",
      "resolved": "https://registry.npmjs.org/fluent-ffmpeg/-/fluent-ffmpeg-2.1.2.tgz",
      "integrity": "sha512-kJQiPnsNM6A8N+zj9AqA/yGfW7JOCqEM52ZqIiZgsOtsHcSotMmD9ttF6eZwVxxzWQFl0IYb98Hd7HfPLES4P0w==",
      "dependencies": {
        "async": {
          "version": "1.5.2",
          "resolved": "https://registry.npmjs.org/async/-/async-1.5.2.tgz",
          "integrity": "sha1-7Gphrl1Kwvo4N49M7nMnPYV6bD4="
        },
        "debug": {
          "version": "2.6.9",
          "resolved": "https://registry.npmjs.org/debug/-/debug-2.6.9.tgz",
          "integrity": "sha512-bC7ElrdJaJnPbAP+1EotYvqZsb3ecl5wi6Bfi6BJTUcNowp6cvspg0jXznRTKDjm/E7AdgFBVeAPVMNcKGsHMA==",
          "optional": true,
          "dependencies": {
            "ms": {
              "version": "2.0.0",
              "resolved": "https://registry.npmjs.org/ms/-/ms-2.0.0.tgz",
              "integrity": "sha1-VgiurfwAvmwpAd9fmSfjjeD4XPM="
            }
          }
        }
      }
    },
    "https": {
      "version": "1.0.0",
      "resolved": "https://registry.npmjs.org/https/-/https-1.0.0.tgz",
      "integrity": "sha1-7Gabe7t9itcLAOC/ufGHXnrdaMM=",
      "dev": true,
      "dependencies": {
        "builtin-status-codes": {
          "version": "3.0.0",
          "resolved": "https://registry.npmjs.org/builtin-status-codes/-/builtin-status-codes-3.0.0.tgz",
          "integrity": "sha1-h5u4h0Io9bD6sFbA6ShFxDOkOio=",
        }
      }
    },
    "telegraf": {
      "version": "4.5.0",
      "resolved": "https://registry.npmjs.org/telegraf/-/telegraf-4.5.0.tgz",
      "integrity": "sha512-gFMs9rES3wtyu7ZO56wgmwmJcXt5ydunwmDl1gtf+2d3G+rxXCv9k8AGb4T2ChartunGetAUv/7QI/3Ls0lTWA==",
      "dev": true,
      "dependencies": {
        "lodash.pick": {
          "version": "4.6.0",
          "resolved": "https://registry.npmjs.org/lodash.pick/-/lodash.pick-4.6.0.tgz",
          "integrity": "sha1-UvBW4HT9pycwsJFQ1PM6bIjxtb8=",
          "requires": {
            "lodash._baseflatten": {
              "version": "4.6.0",
              "resolved": "https://registry.npmjs.org/lodash._baseflatten/-/lodash._baseflatten-4.6.0.tgz",
              "integrity": "sha1-mlRvCEs3XSO8nGD2PFcPsH4WNDw="
          }
        }
      }
    },
    "uuid": {
      "version": "8.3.2",
      "resolved": "https://registry.npmjs.org/uuid/-/uuid-8.3.2.tgz",
      "integrity": "sha512-AQKl9uzxCT+Goy0n9uRrZF8yzQa6OMxkNCYYcJhfesX0tc0JK8pZFnx5bM1Jb9wTj5ll3928fpjYIPv6VI3E8A=="
    }
  }
}
